<?xml version="1.0" encoding="utf-8"?>
<Project ToolsVersion="4.0" xmlns="http://schemas.microsoft.com/developer/msbuild/2003">
  <ItemGroup>
    <Filter Include="Resource Files">
      <UniqueIdentifier>{67DA6AB6-F800-4c08-8B7A-83BB121AAD01}</UniqueIdentifier>
      <Extensions>rc;ico;cur;bmp;dlg;rc2;rct;bin;rgs;gif;jpg;jpeg;jpe;resx;tiff;tif;png;wav;mfcribbon-ms</Extensions>
    </Filter>
    <Filter Include="include">
      <UniqueIdentifier>{9f4c89c4-49c5-451c-b19e-2d37cb79ce1e}</UniqueIdentifier>
    </Filter>
    <Filter Include="src">
      <UniqueIdentifier>{fb6a6443-f212-4b7a-b6ec-7a39668db4f2}</UniqueIdentifier>
    </Filter>
    <Filter Include="src\Entity">
      <UniqueIdentifier>{430b8dd4-4633-4393-bb21-b54e099dce22}</UniqueIdentifier>
    </Filter>
    <Filter Include="include\Entity">
      <UniqueIdentifier>{10a6bb46-a4ee-46a3-a66f-d81c76063082}</UniqueIdentifier>
    </Filter>
  </ItemGroup>
  <ItemGroup>
    <ClCompile Include="src\main.cpp">
      <Filter>src</Filter>
    </ClCompile>
    <ClCompile Include="src\Globals.cpp">
      <Filter>src</Filter>
    </ClCompile>
    <ClCompile Include="src\CWorld.cpp">
      <Filter>src</Filter>
    </ClCompile>
    <ClCompile Include="src\Engine.cpp">
      <Filter>src</Filter>
    </ClCompile>
    <ClCompile Include="src\CGame.cpp">
      <Filter>src</Filter>
    </ClCompile>
    <ClCompile Include="src\CGrid.cpp">
      <Filter>src</Filter>
    </ClCompile>
    <ClCompile Include="src\CTile.cpp">
      <Filter>src</Filter>
    </ClCompile>
    <ClCompile Include="src\Entity.cpp">
      <Filter>src\Entity</Filter>
    </ClCompile>
    <ClCompile Include="src\Health.cpp">
      <Filter>src\Entity</Filter>
    </ClCompile>
    <ClCompile Include="src\Healthbar.cpp">
      <Filter>src\Entity</Filter>
    </ClCompile>
    <ClCompile Include="src\Projectile.cpp">
      <Filter>src\Entity</Filter>
    </ClCompile>
    <ClCompile Include="src\Terrain.cpp">
      <Filter>src</Filter>
    </ClCompile>
    <ClCompile Include="src\Terrain.cpp">
      <Filter>src</Filter>
    </ClCompile>
  </ItemGroup>
  <ItemGroup>
    <ClInclude Include="include\Globals.h">
      <Filter>include</Filter>
    </ClInclude>
    <ClInclude Include="include\CWorld.h">
      <Filter>include</Filter>
    </ClInclude>
    <ClCompile Include="src\InputManger.cpp">
      <Filter>src</Filter>
    </ClCompile>
    <ClInclude Include="include\Engine.h">
      <Filter>include</Filter>
    </ClInclude>
    <ClInclude Include="include\CGame.h">
      <Filter>include</Filter>
    </ClInclude>
    <ClInclude Include="include\CGrid.h">
      <Filter>include</Filter>
    </ClInclude>
    <ClInclude Include="include\CTile.h">
      <Filter>include</Filter>
    </ClInclude>
    <ClInclude Include="include\Terrain.h">
      <Filter>include</Filter>
    </ClInclude>
    <ClInclude Include="include\Entity.h">
      <Filter>include\Entity</Filter>
    </ClInclude>
    <ClInclude Include="include\Projectile.h">
      <Filter>include\Entity</Filter>
    </ClInclude>
    <ClInclude Include="include\Health.h">
      <Filter>include\Entity</Filter>
    </ClInclude>
    <ClInclude Include="include\Healthbar.h">
      <Filter>include\Entity</Filter>
    </ClInclude>
  </ItemGroup>
  <ItemGroup>
    <ClInclude Include="include\InputManger.h">
      <Filter>include</Filter>
    </ClInclude>
  </ItemGroup>
</Project>